<?xml version="1.0" encoding="utf-8"?>
<Project ToolsVersion="4.0" xmlns="http://schemas.microsoft.com/developer/msbuild/2003">
  <ItemGroup>
    <Filter Include="Source Files">
      <UniqueIdentifier>{4FC737F1-C7A5-4376-A066-2A32D752A2FF}</UniqueIdentifier>
      <Extensions>cpp;c;cc;cxx;def;odl;idl;hpj;bat;asm;asmx</Extensions>
    </Filter>
    <Filter Include="Header Files">
      <UniqueIdentifier>{93995380-89BD-4b04-88EB-625FBE52EBFB}</UniqueIdentifier>
      <Extensions>h;hpp;hxx;hm;inl;inc;xsd</Extensions>
    </Filter>
    <Filter Include="Resource Files">
      <UniqueIdentifier>{67DA6AB6-F800-4c08-8B7A-83BB121AAD01}</UniqueIdentifier>
      <Extensions>rc;ico;cur;bmp;dlg;rc2;rct;bin;rgs;gif;jpg;jpeg;jpe;resx;tiff;tif;png;wav;mfcribbon-ms</Extensions>
    </Filter>
  </ItemGroup>
  <ItemGroup>
    <Text Include="CMakeLists.txt" />
  </ItemGroup>
  <ItemGroup>
    <ClCompile Include="coff.c">
      <Filter>Source Files</Filter>
    </ClCompile>
    <ClCompile Include="cpu_arm.c">
      <Filter>Source Files</Filter>
    </ClCompile>
    <ClCompile Include="cpu_arm64.c">
      <Filter>Source Files</Filter>
    </ClCompile>
    <ClCompile Include="cpu_i386.c">
      <Filter>Source Files</Filter>
    </ClCompile>
    <ClCompile Include="cpu_ppc.c">
      <Filter>Source Files</Filter>
    </ClCompile>
    <ClCompile Include="cpu_x86_64.c">
      <Filter>Source Files</Filter>
    </ClCompile>
    <ClCompile Include="crc32.c">
      <Filter>Source Files</Filter>
    </ClCompile>
    <ClCompile Include="dbghelp.c">
      <Filter>Source Files</Filter>
    </ClCompile>
    <ClCompile Include="dwarf.c">
      <Filter>Source Files</Filter>
    </ClCompile>
    <ClCompile Include="elf_module.c">
      <Filter>Source Files</Filter>
    </ClCompile>
    <ClCompile Include="image.c">
      <Filter>Source Files</Filter>
    </ClCompile>
    <ClCompile Include="macho_module.c">
      <Filter>Source Files</Filter>
    </ClCompile>
    <ClCompile Include="minidump.c">
      <Filter>Source Files</Filter>
    </ClCompile>
    <ClCompile Include="module.c">
      <Filter>Source Files</Filter>
    </ClCompile>
    <ClCompile Include="msc.c">
      <Filter>Source Files</Filter>
    </ClCompile>
    <ClCompile Include="path.c">
      <Filter>Source Files</Filter>
    </ClCompile>
    <ClCompile Include="pe_module.c">
      <Filter>Source Files</Filter>
    </ClCompile>
    <ClCompile Include="rosstubs.c">
      <Filter>Source Files</Filter>
    </ClCompile>
    <ClCompile Include="source.c">
      <Filter>Source Files</Filter>
    </ClCompile>
    <ClCompile Include="stabs.c">
      <Filter>Source Files</Filter>
    </ClCompile>
    <ClCompile Include="stack.c">
      <Filter>Source Files</Filter>
    </ClCompile>
    <ClCompile Include="storage.c">
      <Filter>Source Files</Filter>
    </ClCompile>
    <ClCompile Include="symbol.c">
      <Filter>Source Files</Filter>
    </ClCompile>
    <ClCompile Include="type.c">
      <Filter>Source Files</Filter>
    </ClCompile>
  </ItemGroup>
  <ItemGroup>
    <ResourceCompile Include="version.rc">
      <Filter>Resource Files</Filter>
    </ResourceCompile>
  </ItemGroup>
  <ItemGroup>
    <CustomBuild Include="dbghelp.spec" />
  </ItemGroup>
</Project>