<?xml version="1.0" encoding="utf-8"?>
<Project ToolsVersion="4.0" xmlns="http://schemas.microsoft.com/developer/msbuild/2003">
  <ItemGroup>
    <Filter Include="Source Files">
      <UniqueIdentifier>{4FC737F1-C7A5-4376-A066-2A32D752A2FF}</UniqueIdentifier>
      <Extensions>cpp;c;cc;cxx;def;odl;idl;hpj;bat;asm;asmx</Extensions>
    </Filter>
    <Filter Include="Header Files">
      <UniqueIdentifier>{93995380-89BD-4b04-88EB-625FBE52EBFB}</UniqueIdentifier>
      <Extensions>h;hpp;hxx;hm;inl;inc;xsd</Extensions>
    </Filter>
    <Filter Include="Resource Files">
      <UniqueIdentifier>{67DA6AB6-F800-4c08-8B7A-83BB121AAD01}</UniqueIdentifier>
      <Extensions>rc;ico;cur;bmp;dlg;rc2;rct;bin;rgs;gif;jpg;jpeg;jpe;resx;tiff;tif;png;wav;mfcribbon-ms</Extensions>
    </Filter>
  </ItemGroup>
  <ItemGroup>
    <ClCompile Include="action.c">
      <Filter>Source Files</Filter>
    </ClCompile>
    <ClCompile Include="alter.c">
      <Filter>Source Files</Filter>
    </ClCompile>
    <ClCompile Include="appsearch.c">
      <Filter>Source Files</Filter>
    </ClCompile>
    <ClCompile Include="assembly.c">
      <Filter>Source Files</Filter>
    </ClCompile>
    <ClCompile Include="automation.c">
      <Filter>Source Files</Filter>
    </ClCompile>
    <ClCompile Include="classes.c">
      <Filter>Source Files</Filter>
    </ClCompile>
    <ClCompile Include="cond.tab.c">
      <Filter>Source Files</Filter>
    </ClCompile>
    <ClCompile Include="create.c">
      <Filter>Source Files</Filter>
    </ClCompile>
    <ClCompile Include="custom.c">
      <Filter>Source Files</Filter>
    </ClCompile>
    <ClCompile Include="database.c">
      <Filter>Source Files</Filter>
    </ClCompile>
    <ClCompile Include="delete.c">
      <Filter>Source Files</Filter>
    </ClCompile>
    <ClCompile Include="dialog.c">
      <Filter>Source Files</Filter>
    </ClCompile>
    <ClCompile Include="distinct.c">
      <Filter>Source Files</Filter>
    </ClCompile>
    <ClCompile Include="drop.c">
      <Filter>Source Files</Filter>
    </ClCompile>
    <ClCompile Include="files.c">
      <Filter>Source Files</Filter>
    </ClCompile>
    <ClCompile Include="font.c">
      <Filter>Source Files</Filter>
    </ClCompile>
    <ClCompile Include="format.c">
      <Filter>Source Files</Filter>
    </ClCompile>
    <ClCompile Include="handle.c">
      <Filter>Source Files</Filter>
    </ClCompile>
    <ClCompile Include="insert.c">
      <Filter>Source Files</Filter>
    </ClCompile>
    <ClCompile Include="install.c">
      <Filter>Source Files</Filter>
    </ClCompile>
    <ClCompile Include="media.c">
      <Filter>Source Files</Filter>
    </ClCompile>
    <ClCompile Include="msi.c">
      <Filter>Source Files</Filter>
    </ClCompile>
    <ClCompile Include="msi_main.c">
      <Filter>Source Files</Filter>
    </ClCompile>
    <ClCompile Include="msiquery.c">
      <Filter>Source Files</Filter>
    </ClCompile>
    <ClCompile Include="package.c">
      <Filter>Source Files</Filter>
    </ClCompile>
    <ClCompile Include="patch.c">
      <Filter>Source Files</Filter>
    </ClCompile>
    <ClCompile Include="record.c">
      <Filter>Source Files</Filter>
    </ClCompile>
    <ClCompile Include="registry.c">
      <Filter>Source Files</Filter>
    </ClCompile>
    <ClCompile Include="script.c">
      <Filter>Source Files</Filter>
    </ClCompile>
    <ClCompile Include="select.c">
      <Filter>Source Files</Filter>
    </ClCompile>
    <ClCompile Include="source.c">
      <Filter>Source Files</Filter>
    </ClCompile>
    <ClCompile Include="sql.tab.c">
      <Filter>Source Files</Filter>
    </ClCompile>
    <ClCompile Include="storages.c">
      <Filter>Source Files</Filter>
    </ClCompile>
    <ClCompile Include="streams.c">
      <Filter>Source Files</Filter>
    </ClCompile>
    <ClCompile Include="string.c">
      <Filter>Source Files</Filter>
    </ClCompile>
    <ClCompile Include="suminfo.c">
      <Filter>Source Files</Filter>
    </ClCompile>
    <ClCompile Include="table.c">
      <Filter>Source Files</Filter>
    </ClCompile>
    <ClCompile Include="tokenize.c">
      <Filter>Source Files</Filter>
    </ClCompile>
    <ClCompile Include="update.c">
      <Filter>Source Files</Filter>
    </ClCompile>
    <ClCompile Include="upgrade.c">
      <Filter>Source Files</Filter>
    </ClCompile>
    <ClCompile Include="where.c">
      <Filter>Source Files</Filter>
    </ClCompile>
  </ItemGroup>
  <ItemGroup>
    <Text Include="CMakeLists.txt" />
  </ItemGroup>
  <ItemGroup>
    <None Include="cond.y" />
    <None Include="msi.rgs">
      <Filter>Resource Files</Filter>
    </None>
    <None Include="msi.spec" />
    <None Include="msi_ros.diff" />
    <None Include="msiserver.rgs">
      <Filter>Resource Files</Filter>
    </None>
    <None Include="sql.y" />
  </ItemGroup>
  <ItemGroup>
    <Image Include="instabsent.bmp">
      <Filter>Resource Files</Filter>
    </Image>
    <Image Include="instadvert.bmp">
      <Filter>Resource Files</Filter>
    </Image>
    <Image Include="instlocal.bmp">
      <Filter>Resource Files</Filter>
    </Image>
  </ItemGroup>
  <ItemGroup>
    <ResourceCompile Include="msi.rc">
      <Filter>Resource Files</Filter>
    </ResourceCompile>
    <ResourceCompile Include="msi_Bg.rc">
      <Filter>Resource Files</Filter>
    </ResourceCompile>
    <ResourceCompile Include="msi_Da.rc">
      <Filter>Resource Files</Filter>
    </ResourceCompile>
    <ResourceCompile Include="msi_De.rc">
      <Filter>Resource Files</Filter>
    </ResourceCompile>
    <ResourceCompile Include="msi_En.rc">
      <Filter>Resource Files</Filter>
    </ResourceCompile>
    <ResourceCompile Include="msi_Es.rc">
      <Filter>Resource Files</Filter>
    </ResourceCompile>
    <ResourceCompile Include="msi_Fi.rc">
      <Filter>Resource Files</Filter>
    </ResourceCompile>
    <ResourceCompile Include="msi_Fr.rc">
      <Filter>Resource Files</Filter>
    </ResourceCompile>
    <ResourceCompile Include="msi_He.rc">
      <Filter>Resource Files</Filter>
    </ResourceCompile>
    <ResourceCompile Include="msi_Hu.rc">
      <Filter>Resource Files</Filter>
    </ResourceCompile>
    <ResourceCompile Include="msi_It.rc">
      <Filter>Resource Files</Filter>
    </ResourceCompile>
    <ResourceCompile Include="msi_Ja.rc">
      <Filter>Resource Files</Filter>
    </ResourceCompile>
    <ResourceCompile Include="msi_Ko.rc">
      <Filter>Resource Files</Filter>
    </ResourceCompile>
    <ResourceCompile Include="msi_Lt.rc">
      <Filter>Resource Files</Filter>
    </ResourceCompile>
    <ResourceCompile Include="msi_Nl.rc">
      <Filter>Resource Files</Filter>
    </ResourceCompile>
    <ResourceCompile Include="msi_No.rc">
      <Filter>Resource Files</Filter>
    </ResourceCompile>
    <ResourceCompile Include="msi_Pl.rc">
      <Filter>Resource Files</Filter>
    </ResourceCompile>
    <ResourceCompile Include="msi_Pt.rc">
      <Filter>Resource Files</Filter>
    </ResourceCompile>
    <ResourceCompile Include="msi_Ro.rc">
      <Filter>Resource Files</Filter>
    </ResourceCompile>
    <ResourceCompile Include="msi_Ru.rc">
      <Filter>Resource Files</Filter>
    </ResourceCompile>
    <ResourceCompile Include="msi_Si.rc">
      <Filter>Resource Files</Filter>
    </ResourceCompile>
    <ResourceCompile Include="msi_Sr.rc">
      <Filter>Resource Files</Filter>
    </ResourceCompile>
    <ResourceCompile Include="msi_Sv.rc">
      <Filter>Resource Files</Filter>
    </ResourceCompile>
    <ResourceCompile Include="msi_Tr.rc">
      <Filter>Resource Files</Filter>
    </ResourceCompile>
    <ResourceCompile Include="msi_Uk.rc">
      <Filter>Resource Files</Filter>
    </ResourceCompile>
    <ResourceCompile Include="msi_Zh.rc">
      <Filter>Resource Files</Filter>
    </ResourceCompile>
    <ResourceCompile Include="version.rc">
      <Filter>Resource Files</Filter>
    </ResourceCompile>
  </ItemGroup>
  <ItemGroup>
    <ClInclude Include="msipriv.h">
      <Filter>Header Files</Filter>
    </ClInclude>
    <ClInclude Include="msiserver_dispids.h">
      <Filter>Header Files</Filter>
    </ClInclude>
    <ClInclude Include="msvchelper.h">
      <Filter>Header Files</Filter>
    </ClInclude>
    <ClInclude Include="query.h">
      <Filter>Header Files</Filter>
    </ClInclude>
    <ClInclude Include="sql.tab.h">
      <Filter>Header Files</Filter>
    </ClInclude>
  </ItemGroup>
  <ItemGroup>
    <Midl Include="msiserver.idl">
      <Filter>Source Files</Filter>
    </Midl>
  </ItemGroup>
</Project>