<?xml version="1.0" encoding="utf-8"?>
<Project ToolsVersion="4.0" xmlns="http://schemas.microsoft.com/developer/msbuild/2003">
  <ItemGroup>
    <Filter Include="Source Files">
      <UniqueIdentifier>{4FC737F1-C7A5-4376-A066-2A32D752A2FF}</UniqueIdentifier>
      <Extensions>cpp;c;cc;cxx;def;odl;idl;hpj;bat;asm;asmx</Extensions>
    </Filter>
    <Filter Include="Header Files">
      <UniqueIdentifier>{93995380-89BD-4b04-88EB-625FBE52EBFB}</UniqueIdentifier>
      <Extensions>h;hpp;hxx;hm;inl;inc;xsd</Extensions>
    </Filter>
    <Filter Include="Resource Files">
      <UniqueIdentifier>{67DA6AB6-F800-4c08-8B7A-83BB121AAD01}</UniqueIdentifier>
      <Extensions>rc;ico;cur;bmp;dlg;rc2;rct;bin;rgs;gif;jpg;jpeg;jpe;resx;tiff;tif;png;wav;mfcribbon-ms</Extensions>
    </Filter>
    <Filter Include="main">
      <UniqueIdentifier>{739bbcc6-180e-4b54-97a8-46d99a100bbe}</UniqueIdentifier>
    </Filter>
    <Filter Include="objects">
      <UniqueIdentifier>{ce512a85-9216-42b6-8d31-0c95c5be7668}</UniqueIdentifier>
    </Filter>
    <Filter Include="vgavideo">
      <UniqueIdentifier>{61054632-600e-4571-96f0-9759f94f6aef}</UniqueIdentifier>
    </Filter>
  </ItemGroup>
  <ItemGroup>
    <ClCompile Include="main\enable.c">
      <Filter>main</Filter>
    </ClCompile>
    <ClCompile Include="vgavideo\vgavideo.c">
      <Filter>vgavideo</Filter>
    </ClCompile>
    <ClCompile Include="objects\bitblt.c">
      <Filter>objects</Filter>
    </ClCompile>
    <ClCompile Include="objects\copybits.c">
      <Filter>objects</Filter>
    </ClCompile>
    <ClCompile Include="objects\lineto.c">
      <Filter>objects</Filter>
    </ClCompile>
    <ClCompile Include="objects\offscreen.c">
      <Filter>objects</Filter>
    </ClCompile>
    <ClCompile Include="objects\paint.c">
      <Filter>objects</Filter>
    </ClCompile>
    <ClCompile Include="objects\pointer.c">
      <Filter>objects</Filter>
    </ClCompile>
    <ClCompile Include="objects\screen.c">
      <Filter>objects</Filter>
    </ClCompile>
    <ClCompile Include="objects\transblt.c">
      <Filter>objects</Filter>
    </ClCompile>
  </ItemGroup>
  <ItemGroup>
    <ClInclude Include="vgavideo\vgavideo.h">
      <Filter>vgavideo</Filter>
    </ClInclude>
    <ClInclude Include="objects\bitblt.h">
      <Filter>objects</Filter>
    </ClInclude>
    <ClInclude Include="objects\brush.h">
      <Filter>objects</Filter>
    </ClInclude>
    <ClInclude Include="vgaddi.h">
      <Filter>Header Files</Filter>
    </ClInclude>
  </ItemGroup>
  <ItemGroup>
    <None Include="CMakeLists.txt" />
    <None Include="vgaddi.spec" />
  </ItemGroup>
  <ItemGroup>
    <ResourceCompile Include="vgaddi.rc">
      <Filter>Resource Files</Filter>
    </ResourceCompile>
  </ItemGroup>
</Project>