<?xml version="1.0" encoding="utf-8"?>
<Project ToolsVersion="4.0" xmlns="http://schemas.microsoft.com/developer/msbuild/2003">
  <ItemGroup>
    <Filter Include="Source Files">
      <UniqueIdentifier>{4FC737F1-C7A5-4376-A066-2A32D752A2FF}</UniqueIdentifier>
      <Extensions>cpp;c;cc;cxx;def;odl;idl;hpj;bat;asm;asmx</Extensions>
    </Filter>
    <Filter Include="Header Files">
      <UniqueIdentifier>{93995380-89BD-4b04-88EB-625FBE52EBFB}</UniqueIdentifier>
      <Extensions>h;hpp;hxx;hm;inl;inc;xsd</Extensions>
    </Filter>
    <Filter Include="Resource Files">
      <UniqueIdentifier>{67DA6AB6-F800-4c08-8B7A-83BB121AAD01}</UniqueIdentifier>
      <Extensions>rc;ico;cur;bmp;dlg;rc2;rct;bin;rgs;gif;jpg;jpeg;jpe;resx;tiff;tif;png;wav;mfcribbon-ms</Extensions>
    </Filter>
    <Filter Include="res">
      <UniqueIdentifier>{666d11b2-e3bf-4a7a-b857-633b49362a47}</UniqueIdentifier>
    </Filter>
    <Filter Include="res\bavarian">
      <UniqueIdentifier>{2fcc7e18-0879-4c66-9633-8823e6ce80ef}</UniqueIdentifier>
    </Filter>
    <Filter Include="res\default">
      <UniqueIdentifier>{54d3a6e9-015b-4020-a6ef-5968067f8256}</UniqueIdentifier>
    </Filter>
  </ItemGroup>
  <ItemGroup>
    <ClCompile Include="cards.c">
      <Filter>Source Files</Filter>
    </ClCompile>
  </ItemGroup>
  <ItemGroup>
    <ClInclude Include="cards.h">
      <Filter>Header Files</Filter>
    </ClInclude>
  </ItemGroup>
  <ItemGroup>
    <ResourceCompile Include="cards.rc">
      <Filter>Resource Files</Filter>
    </ResourceCompile>
  </ItemGroup>
  <ItemGroup>
    <None Include="cards.spec" />
  </ItemGroup>
  <ItemGroup>
    <Text Include="CMakeLists.txt" />
  </ItemGroup>
  <ItemGroup>
    <Image Include="res\bavarian\Eichel2.bmp">
      <Filter>res\bavarian</Filter>
    </Image>
    <Image Include="res\bavarian\Eichel3.bmp">
      <Filter>res\bavarian</Filter>
    </Image>
    <Image Include="res\bavarian\Eichel4.bmp">
      <Filter>res\bavarian</Filter>
    </Image>
    <Image Include="res\bavarian\Eichel5.bmp">
      <Filter>res\bavarian</Filter>
    </Image>
    <Image Include="res\bavarian\Eichel6.bmp">
      <Filter>res\bavarian</Filter>
    </Image>
    <Image Include="res\bavarian\Eichel7.bmp">
      <Filter>res\bavarian</Filter>
    </Image>
    <Image Include="res\bavarian\Eichel8.bmp">
      <Filter>res\bavarian</Filter>
    </Image>
    <Image Include="res\bavarian\Eichel9.bmp">
      <Filter>res\bavarian</Filter>
    </Image>
    <Image Include="res\bavarian\Eichel10.bmp">
      <Filter>res\bavarian</Filter>
    </Image>
    <Image Include="res\bavarian\EichelAs.bmp">
      <Filter>res\bavarian</Filter>
    </Image>
    <Image Include="res\bavarian\EichelKoenig.bmp">
      <Filter>res\bavarian</Filter>
    </Image>
    <Image Include="res\bavarian\EichelOber.bmp">
      <Filter>res\bavarian</Filter>
    </Image>
    <Image Include="res\bavarian\EichelUnter.bmp">
      <Filter>res\bavarian</Filter>
    </Image>
    <Image Include="res\bavarian\FreeCard.bmp">
      <Filter>res\bavarian</Filter>
    </Image>
    <Image Include="res\bavarian\Gras2.bmp">
      <Filter>res\bavarian</Filter>
    </Image>
    <Image Include="res\bavarian\Gras3.bmp">
      <Filter>res\bavarian</Filter>
    </Image>
    <Image Include="res\bavarian\Gras4.bmp">
      <Filter>res\bavarian</Filter>
    </Image>
    <Image Include="res\bavarian\Gras5.bmp">
      <Filter>res\bavarian</Filter>
    </Image>
    <Image Include="res\bavarian\Gras6.bmp">
      <Filter>res\bavarian</Filter>
    </Image>
    <Image Include="res\bavarian\Gras7.bmp">
      <Filter>res\bavarian</Filter>
    </Image>
    <Image Include="res\bavarian\Gras8.bmp">
      <Filter>res\bavarian</Filter>
    </Image>
    <Image Include="res\bavarian\Gras9.bmp">
      <Filter>res\bavarian</Filter>
    </Image>
    <Image Include="res\bavarian\Gras10.bmp">
      <Filter>res\bavarian</Filter>
    </Image>
    <Image Include="res\bavarian\GrasAs.bmp">
      <Filter>res\bavarian</Filter>
    </Image>
    <Image Include="res\bavarian\GrasKoenig.bmp">
      <Filter>res\bavarian</Filter>
    </Image>
    <Image Include="res\bavarian\GrasOber.bmp">
      <Filter>res\bavarian</Filter>
    </Image>
    <Image Include="res\bavarian\GrasUnter.bmp">
      <Filter>res\bavarian</Filter>
    </Image>
    <Image Include="res\bavarian\Herz2.bmp">
      <Filter>res\bavarian</Filter>
    </Image>
    <Image Include="res\bavarian\Herz3.bmp">
      <Filter>res\bavarian</Filter>
    </Image>
    <Image Include="res\bavarian\Herz4.bmp">
      <Filter>res\bavarian</Filter>
    </Image>
    <Image Include="res\bavarian\Herz5.bmp">
      <Filter>res\bavarian</Filter>
    </Image>
    <Image Include="res\bavarian\Herz6.bmp">
      <Filter>res\bavarian</Filter>
    </Image>
    <Image Include="res\bavarian\Herz7.bmp">
      <Filter>res\bavarian</Filter>
    </Image>
    <Image Include="res\bavarian\Herz8.bmp">
      <Filter>res\bavarian</Filter>
    </Image>
    <Image Include="res\bavarian\Herz9.bmp">
      <Filter>res\bavarian</Filter>
    </Image>
    <Image Include="res\bavarian\Herz10.bmp">
      <Filter>res\bavarian</Filter>
    </Image>
    <Image Include="res\bavarian\HerzAs.bmp">
      <Filter>res\bavarian</Filter>
    </Image>
    <Image Include="res\bavarian\HerzKoenig.bmp">
      <Filter>res\bavarian</Filter>
    </Image>
    <Image Include="res\bavarian\HerzOber.bmp">
      <Filter>res\bavarian</Filter>
    </Image>
    <Image Include="res\bavarian\HerzUnter.bmp">
      <Filter>res\bavarian</Filter>
    </Image>
    <Image Include="res\bavarian\Joker.bmp">
      <Filter>res\bavarian</Filter>
    </Image>
    <Image Include="res\bavarian\OSign.bmp">
      <Filter>res\bavarian</Filter>
    </Image>
    <Image Include="res\bavarian\Ruecken1.bmp">
      <Filter>res\bavarian</Filter>
    </Image>
    <Image Include="res\bavarian\Ruecken2.bmp">
      <Filter>res\bavarian</Filter>
    </Image>
    <Image Include="res\bavarian\Ruecken3.bmp">
      <Filter>res\bavarian</Filter>
    </Image>
    <Image Include="res\bavarian\Ruecken4.bmp">
      <Filter>res\bavarian</Filter>
    </Image>
    <Image Include="res\bavarian\Ruecken5.bmp">
      <Filter>res\bavarian</Filter>
    </Image>
    <Image Include="res\bavarian\Ruecken6.bmp">
      <Filter>res\bavarian</Filter>
    </Image>
    <Image Include="res\bavarian\Ruecken7.bmp">
      <Filter>res\bavarian</Filter>
    </Image>
    <Image Include="res\bavarian\Ruecken8.bmp">
      <Filter>res\bavarian</Filter>
    </Image>
    <Image Include="res\bavarian\Ruecken9.bmp">
      <Filter>res\bavarian</Filter>
    </Image>
    <Image Include="res\bavarian\Ruecken10.bmp">
      <Filter>res\bavarian</Filter>
    </Image>
    <Image Include="res\bavarian\Ruecken11.bmp">
      <Filter>res\bavarian</Filter>
    </Image>
    <Image Include="res\bavarian\Ruecken12.bmp">
      <Filter>res\bavarian</Filter>
    </Image>
    <Image Include="res\bavarian\Schellen2.bmp">
      <Filter>res\bavarian</Filter>
    </Image>
    <Image Include="res\bavarian\Schellen3.bmp">
      <Filter>res\bavarian</Filter>
    </Image>
    <Image Include="res\bavarian\Schellen4.bmp">
      <Filter>res\bavarian</Filter>
    </Image>
    <Image Include="res\bavarian\Schellen5.bmp">
      <Filter>res\bavarian</Filter>
    </Image>
    <Image Include="res\bavarian\Schellen6.bmp">
      <Filter>res\bavarian</Filter>
    </Image>
    <Image Include="res\bavarian\Schellen7.bmp">
      <Filter>res\bavarian</Filter>
    </Image>
    <Image Include="res\bavarian\Schellen8.bmp">
      <Filter>res\bavarian</Filter>
    </Image>
    <Image Include="res\bavarian\Schellen9.bmp">
      <Filter>res\bavarian</Filter>
    </Image>
    <Image Include="res\bavarian\Schellen10.bmp">
      <Filter>res\bavarian</Filter>
    </Image>
    <Image Include="res\bavarian\SchellenAs.bmp">
      <Filter>res\bavarian</Filter>
    </Image>
    <Image Include="res\bavarian\SchellenKoenig.bmp">
      <Filter>res\bavarian</Filter>
    </Image>
    <Image Include="res\bavarian\SchellenOber.bmp">
      <Filter>res\bavarian</Filter>
    </Image>
    <Image Include="res\bavarian\SchellenUnter.bmp">
      <Filter>res\bavarian</Filter>
    </Image>
    <Image Include="res\bavarian\XSign.bmp">
      <Filter>res\bavarian</Filter>
    </Image>
    <Image Include="res\default\Background_1.bmp">
      <Filter>res\default</Filter>
    </Image>
    <Image Include="res\default\Background_2.bmp">
      <Filter>res\default</Filter>
    </Image>
    <Image Include="res\default\Background_3.bmp">
      <Filter>res\default</Filter>
    </Image>
    <Image Include="res\default\Background_4.bmp">
      <Filter>res\default</Filter>
    </Image>
    <Image Include="res\default\Background_5.bmp">
      <Filter>res\default</Filter>
    </Image>
    <Image Include="res\default\Background_6.bmp">
      <Filter>res\default</Filter>
    </Image>
    <Image Include="res\default\Background_7.bmp">
      <Filter>res\default</Filter>
    </Image>
    <Image Include="res\default\Background_8.bmp">
      <Filter>res\default</Filter>
    </Image>
    <Image Include="res\default\Background_9.bmp">
      <Filter>res\default</Filter>
    </Image>
    <Image Include="res\default\Background_10.bmp">
      <Filter>res\default</Filter>
    </Image>
    <Image Include="res\default\Background_11.bmp">
      <Filter>res\default</Filter>
    </Image>
    <Image Include="res\default\Background_12.bmp">
      <Filter>res\default</Filter>
    </Image>
    <Image Include="res\default\Clubs_Ace.bmp">
      <Filter>res\default</Filter>
    </Image>
    <Image Include="res\default\Clubs_Eight.bmp">
      <Filter>res\default</Filter>
    </Image>
    <Image Include="res\default\Clubs_Five.bmp">
      <Filter>res\default</Filter>
    </Image>
    <Image Include="res\default\Clubs_Four.bmp">
      <Filter>res\default</Filter>
    </Image>
    <Image Include="res\default\Clubs_Jack.bmp">
      <Filter>res\default</Filter>
    </Image>
    <Image Include="res\default\Clubs_King.bmp">
      <Filter>res\default</Filter>
    </Image>
    <Image Include="res\default\Clubs_Nine.bmp">
      <Filter>res\default</Filter>
    </Image>
    <Image Include="res\default\Clubs_Queen.bmp">
      <Filter>res\default</Filter>
    </Image>
    <Image Include="res\default\Clubs_Seven.bmp">
      <Filter>res\default</Filter>
    </Image>
    <Image Include="res\default\Clubs_Six.bmp">
      <Filter>res\default</Filter>
    </Image>
    <Image Include="res\default\Clubs_Ten.bmp">
      <Filter>res\default</Filter>
    </Image>
    <Image Include="res\default\Clubs_Three.bmp">
      <Filter>res\default</Filter>
    </Image>
    <Image Include="res\default\Clubs_Two.bmp">
      <Filter>res\default</Filter>
    </Image>
    <Image Include="res\default\Diamonds_Ace.bmp">
      <Filter>res\default</Filter>
    </Image>
    <Image Include="res\default\Diamonds_Eight.bmp">
      <Filter>res\default</Filter>
    </Image>
    <Image Include="res\default\Diamonds_Five.bmp">
      <Filter>res\default</Filter>
    </Image>
    <Image Include="res\default\Diamonds_Four.bmp">
      <Filter>res\default</Filter>
    </Image>
    <Image Include="res\default\Diamonds_Jack.bmp">
      <Filter>res\default</Filter>
    </Image>
    <Image Include="res\default\Diamonds_King.bmp">
      <Filter>res\default</Filter>
    </Image>
    <Image Include="res\default\Diamonds_Nine.bmp">
      <Filter>res\default</Filter>
    </Image>
    <Image Include="res\default\Diamonds_Queen.bmp">
      <Filter>res\default</Filter>
    </Image>
    <Image Include="res\default\Diamonds_Seven.bmp">
      <Filter>res\default</Filter>
    </Image>
    <Image Include="res\default\Diamonds_Six.bmp">
      <Filter>res\default</Filter>
    </Image>
    <Image Include="res\default\Diamonds_Ten.bmp">
      <Filter>res\default</Filter>
    </Image>
    <Image Include="res\default\Diamonds_Three.bmp">
      <Filter>res\default</Filter>
    </Image>
    <Image Include="res\default\Diamonds_Two.bmp">
      <Filter>res\default</Filter>
    </Image>
    <Image Include="res\default\FreeCard.bmp">
      <Filter>res\default</Filter>
    </Image>
    <Image Include="res\default\Hearts_Ace.bmp">
      <Filter>res\default</Filter>
    </Image>
    <Image Include="res\default\Hearts_Eight.bmp">
      <Filter>res\default</Filter>
    </Image>
    <Image Include="res\default\Hearts_Five.bmp">
      <Filter>res\default</Filter>
    </Image>
    <Image Include="res\default\Hearts_Four.bmp">
      <Filter>res\default</Filter>
    </Image>
    <Image Include="res\default\Hearts_Jack.bmp">
      <Filter>res\default</Filter>
    </Image>
    <Image Include="res\default\Hearts_King.bmp">
      <Filter>res\default</Filter>
    </Image>
    <Image Include="res\default\Hearts_Nine.bmp">
      <Filter>res\default</Filter>
    </Image>
    <Image Include="res\default\Hearts_Queen.bmp">
      <Filter>res\default</Filter>
    </Image>
    <Image Include="res\default\Hearts_Seven.bmp">
      <Filter>res\default</Filter>
    </Image>
    <Image Include="res\default\Hearts_Six.bmp">
      <Filter>res\default</Filter>
    </Image>
    <Image Include="res\default\Hearts_Ten.bmp">
      <Filter>res\default</Filter>
    </Image>
    <Image Include="res\default\Hearts_Three.bmp">
      <Filter>res\default</Filter>
    </Image>
    <Image Include="res\default\Hearts_Two.bmp">
      <Filter>res\default</Filter>
    </Image>
    <Image Include="res\default\Joker.bmp">
      <Filter>res\default</Filter>
    </Image>
    <Image Include="res\default\OSign.bmp">
      <Filter>res\default</Filter>
    </Image>
    <Image Include="res\default\Spades_Ace.bmp">
      <Filter>res\default</Filter>
    </Image>
    <Image Include="res\default\Spades_Eight.bmp">
      <Filter>res\default</Filter>
    </Image>
    <Image Include="res\default\Spades_Five.bmp">
      <Filter>res\default</Filter>
    </Image>
    <Image Include="res\default\Spades_Four.bmp">
      <Filter>res\default</Filter>
    </Image>
    <Image Include="res\default\Spades_Jack.bmp">
      <Filter>res\default</Filter>
    </Image>
    <Image Include="res\default\Spades_King.bmp">
      <Filter>res\default</Filter>
    </Image>
    <Image Include="res\default\Spades_Nine.bmp">
      <Filter>res\default</Filter>
    </Image>
    <Image Include="res\default\Spades_Queen.bmp">
      <Filter>res\default</Filter>
    </Image>
    <Image Include="res\default\Spades_Seven.bmp">
      <Filter>res\default</Filter>
    </Image>
    <Image Include="res\default\Spades_Six.bmp">
      <Filter>res\default</Filter>
    </Image>
    <Image Include="res\default\Spades_Ten.bmp">
      <Filter>res\default</Filter>
    </Image>
    <Image Include="res\default\Spades_Three.bmp">
      <Filter>res\default</Filter>
    </Image>
    <Image Include="res\default\Spades_Two.bmp">
      <Filter>res\default</Filter>
    </Image>
    <Image Include="res\default\XSign.bmp">
      <Filter>res\default</Filter>
    </Image>
  </ItemGroup>
</Project>