<?xml version="1.0" encoding="utf-8"?>
<Project ToolsVersion="4.0" xmlns="http://schemas.microsoft.com/developer/msbuild/2003">
  <ItemGroup>
    <Filter Include="Source Files">
      <UniqueIdentifier>{4FC737F1-C7A5-4376-A066-2A32D752A2FF}</UniqueIdentifier>
      <Extensions>cpp;c;cc;cxx;def;odl;idl;hpj;bat;asm;asmx</Extensions>
    </Filter>
    <Filter Include="Header Files">
      <UniqueIdentifier>{93995380-89BD-4b04-88EB-625FBE52EBFB}</UniqueIdentifier>
      <Extensions>h;hpp;hxx;hm;inl;inc;xsd</Extensions>
    </Filter>
    <Filter Include="Resource Files">
      <UniqueIdentifier>{67DA6AB6-F800-4c08-8B7A-83BB121AAD01}</UniqueIdentifier>
      <Extensions>rc;ico;cur;bmp;dlg;rc2;rct;bin;rgs;gif;jpg;jpeg;jpe;resx;tiff;tif;png;wav;mfcribbon-ms</Extensions>
    </Filter>
    <Filter Include="lang">
      <UniqueIdentifier>{ed10232a-ca7d-4c16-9659-6a0c41d4d797}</UniqueIdentifier>
    </Filter>
    <Filter Include="resources">
      <UniqueIdentifier>{f187751b-6151-4269-b12a-39da7ef00d39}</UniqueIdentifier>
    </Filter>
  </ItemGroup>
  <ItemGroup>
    <Text Include="CMakeLists.txt" />
  </ItemGroup>
  <ItemGroup>
    <ClCompile Include="gui.c">
      <Filter>Source Files</Filter>
    </ClCompile>
    <ClCompile Include="msgina.c">
      <Filter>Source Files</Filter>
    </ClCompile>
    <ClCompile Include="stubs.c">
      <Filter>Source Files</Filter>
    </ClCompile>
    <ClCompile Include="tui.c">
      <Filter>Source Files</Filter>
    </ClCompile>
  </ItemGroup>
  <ItemGroup>
    <ClInclude Include="msgina.h">
      <Filter>Header Files</Filter>
    </ClInclude>
    <ClInclude Include="resource.h">
      <Filter>Header Files</Filter>
    </ClInclude>
  </ItemGroup>
  <ItemGroup>
    <ResourceCompile Include="msgina.rc">
      <Filter>Resource Files</Filter>
    </ResourceCompile>
    <ResourceCompile Include="lang\bg-BG.rc">
      <Filter>lang</Filter>
    </ResourceCompile>
    <ResourceCompile Include="lang\cs-CZ.rc">
      <Filter>lang</Filter>
    </ResourceCompile>
    <ResourceCompile Include="lang\de-DE.rc">
      <Filter>lang</Filter>
    </ResourceCompile>
    <ResourceCompile Include="lang\en-US.rc">
      <Filter>lang</Filter>
    </ResourceCompile>
    <ResourceCompile Include="lang\es-ES.rc">
      <Filter>lang</Filter>
    </ResourceCompile>
    <ResourceCompile Include="lang\fr-FR.rc">
      <Filter>lang</Filter>
    </ResourceCompile>
    <ResourceCompile Include="lang\he-IL.rc">
      <Filter>lang</Filter>
    </ResourceCompile>
    <ResourceCompile Include="lang\id-ID.rc">
      <Filter>lang</Filter>
    </ResourceCompile>
    <ResourceCompile Include="lang\it-IT.rc">
      <Filter>lang</Filter>
    </ResourceCompile>
    <ResourceCompile Include="lang\ja-JP.rc">
      <Filter>lang</Filter>
    </ResourceCompile>
    <ResourceCompile Include="lang\no-NO.rc">
      <Filter>lang</Filter>
    </ResourceCompile>
    <ResourceCompile Include="lang\pl-PL.rc">
      <Filter>lang</Filter>
    </ResourceCompile>
    <ResourceCompile Include="lang\ro-RO.rc">
      <Filter>lang</Filter>
    </ResourceCompile>
    <ResourceCompile Include="lang\ru-RU.rc">
      <Filter>lang</Filter>
    </ResourceCompile>
    <ResourceCompile Include="lang\sk-SK.rc">
      <Filter>lang</Filter>
    </ResourceCompile>
    <ResourceCompile Include="lang\uk-UA.rc">
      <Filter>lang</Filter>
    </ResourceCompile>
  </ItemGroup>
  <ItemGroup>
    <None Include="resources\reactos.svg">
      <Filter>resources</Filter>
    </None>
  </ItemGroup>
  <ItemGroup>
    <Image Include="resources\21.ico">
      <Filter>resources</Filter>
    </Image>
    <Image Include="resources\ico_logoff.ico">
      <Filter>resources</Filter>
    </Image>
    <Image Include="resources\reactos.bmp">
      <Filter>resources</Filter>
    </Image>
  </ItemGroup>
  <ItemGroup>
    <CustomBuild Include="msgina.spec" />
  </ItemGroup>
</Project>