<?xml version="1.0" encoding="utf-8"?>
<Project ToolsVersion="4.0" xmlns="http://schemas.microsoft.com/developer/msbuild/2003">
  <ItemGroup>
    <Filter Include="Source Files">
      <UniqueIdentifier>{4FC737F1-C7A5-4376-A066-2A32D752A2FF}</UniqueIdentifier>
      <Extensions>cpp;c;cc;cxx;def;odl;idl;hpj;bat;asm;asmx</Extensions>
    </Filter>
    <Filter Include="Header Files">
      <UniqueIdentifier>{93995380-89BD-4b04-88EB-625FBE52EBFB}</UniqueIdentifier>
      <Extensions>h;hpp;hxx;hm;inl;inc;xsd</Extensions>
    </Filter>
    <Filter Include="Resource Files">
      <UniqueIdentifier>{67DA6AB6-F800-4c08-8B7A-83BB121AAD01}</UniqueIdentifier>
      <Extensions>rc;ico;cur;bmp;dlg;rc2;rct;bin;rgs;gif;jpg;jpeg;jpe;resx;tiff;tif;png;wav;mfcribbon-ms</Extensions>
    </Filter>
  </ItemGroup>
  <ItemGroup>
    <ClCompile Include="bidi.c">
      <Filter>Source Files</Filter>
    </ClCompile>
    <ClCompile Include="breaking.c">
      <Filter>Source Files</Filter>
    </ClCompile>
    <ClCompile Include="indic.c">
      <Filter>Source Files</Filter>
    </ClCompile>
    <ClCompile Include="indicsyllable.c">
      <Filter>Source Files</Filter>
    </ClCompile>
    <ClCompile Include="linebreak.c">
      <Filter>Source Files</Filter>
    </ClCompile>
    <ClCompile Include="mirror.c">
      <Filter>Source Files</Filter>
    </ClCompile>
    <ClCompile Include="opentype.c">
      <Filter>Source Files</Filter>
    </ClCompile>
    <ClCompile Include="shape.c">
      <Filter>Source Files</Filter>
    </ClCompile>
    <ClCompile Include="shaping.c">
      <Filter>Source Files</Filter>
    </ClCompile>
    <ClCompile Include="usp10.c">
      <Filter>Source Files</Filter>
    </ClCompile>
  </ItemGroup>
  <ItemGroup>
    <Text Include="CMakeLists.txt" />
  </ItemGroup>
  <ItemGroup>
    <None Include="usp10_ros.diff" />
  </ItemGroup>
  <ItemGroup>
    <ClInclude Include="usp10_internal.h">
      <Filter>Header Files</Filter>
    </ClInclude>
  </ItemGroup>
  <ItemGroup>
    <CustomBuild Include="usp10.spec" />
  </ItemGroup>
</Project>