<?xml version="1.0" encoding="utf-8"?>
<Project ToolsVersion="4.0" xmlns="http://schemas.microsoft.com/developer/msbuild/2003">
  <ItemGroup>
    <Filter Include="Source Files">
      <UniqueIdentifier>{4FC737F1-C7A5-4376-A066-2A32D752A2FF}</UniqueIdentifier>
      <Extensions>cpp;c;cc;cxx;def;odl;idl;hpj;bat;asm;asmx</Extensions>
    </Filter>
    <Filter Include="Header Files">
      <UniqueIdentifier>{93995380-89BD-4b04-88EB-625FBE52EBFB}</UniqueIdentifier>
      <Extensions>h;hpp;hxx;hm;inl;inc;xsd</Extensions>
    </Filter>
    <Filter Include="Resource Files">
      <UniqueIdentifier>{67DA6AB6-F800-4c08-8B7A-83BB121AAD01}</UniqueIdentifier>
      <Extensions>rc;ico;cur;bmp;dlg;rc2;rct;bin;rgs;gif;jpg;jpeg;jpe;resx;tiff;tif;png;wav;mfcribbon-ms</Extensions>
    </Filter>
    <Filter Include="lang">
      <UniqueIdentifier>{bdbae64e-c87f-46fb-845c-f09e5fc4c7d7}</UniqueIdentifier>
    </Filter>
    <Filter Include="res">
      <UniqueIdentifier>{921e1081-a3de-45dc-8fca-1a703d74a149}</UniqueIdentifier>
    </Filter>
  </ItemGroup>
  <ItemGroup>
    <ClCompile Include="aclmulti.cpp">
      <Filter>Source Files</Filter>
    </ClCompile>
    <ClCompile Include="addressband.cpp">
      <Filter>Source Files</Filter>
    </ClCompile>
    <ClCompile Include="addresseditbox.cpp">
      <Filter>Source Files</Filter>
    </ClCompile>
    <ClCompile Include="bandproxy.cpp">
      <Filter>Source Files</Filter>
    </ClCompile>
    <ClCompile Include="bandsite.cpp">
      <Filter>Source Files</Filter>
    </ClCompile>
    <ClCompile Include="bandsitemenu.cpp">
      <Filter>Source Files</Filter>
    </ClCompile>
    <ClCompile Include="basebar.cpp">
      <Filter>Source Files</Filter>
    </ClCompile>
    <ClCompile Include="basebarsite.cpp">
      <Filter>Source Files</Filter>
    </ClCompile>
    <ClCompile Include="brandband.cpp">
      <Filter>Source Files</Filter>
    </ClCompile>
    <ClCompile Include="browseui.cpp">
      <Filter>Source Files</Filter>
    </ClCompile>
    <ClCompile Include="browseuiord.cpp">
      <Filter>Source Files</Filter>
    </ClCompile>
    <ClCompile Include="commonbrowser.cpp">
      <Filter>Source Files</Filter>
    </ClCompile>
    <ClCompile Include="dllinstall.c">
      <Filter>Source Files</Filter>
    </ClCompile>
    <ClCompile Include="globalfoldersettings.cpp">
      <Filter>Source Files</Filter>
    </ClCompile>
    <ClCompile Include="internettoolbar.cpp">
      <Filter>Source Files</Filter>
    </ClCompile>
    <ClCompile Include="regtreeoptions.cpp">
      <Filter>Source Files</Filter>
    </ClCompile>
    <ClCompile Include="shellbrowser.cpp">
      <Filter>Source Files</Filter>
    </ClCompile>
    <ClCompile Include="toolsband.cpp">
      <Filter>Source Files</Filter>
    </ClCompile>
    <ClCompile Include="travellog.cpp">
      <Filter>Source Files</Filter>
    </ClCompile>
    <ClCompile Include="utility.cpp">
      <Filter>Source Files</Filter>
    </ClCompile>
  </ItemGroup>
  <ItemGroup>
    <ClInclude Include="aclmulti.h">
      <Filter>Header Files</Filter>
    </ClInclude>
    <ClInclude Include="addressband.h">
      <Filter>Header Files</Filter>
    </ClInclude>
    <ClInclude Include="addresseditbox.h">
      <Filter>Header Files</Filter>
    </ClInclude>
    <ClInclude Include="bandproxy.h">
      <Filter>Header Files</Filter>
    </ClInclude>
    <ClInclude Include="bandsite.h">
      <Filter>Header Files</Filter>
    </ClInclude>
    <ClInclude Include="bandsitemenu.h">
      <Filter>Header Files</Filter>
    </ClInclude>
    <ClInclude Include="brandband.h">
      <Filter>Header Files</Filter>
    </ClInclude>
    <ClInclude Include="commonbrowser.h">
      <Filter>Header Files</Filter>
    </ClInclude>
    <ClInclude Include="globalfoldersettings.h">
      <Filter>Header Files</Filter>
    </ClInclude>
    <ClInclude Include="internettoolbar.h">
      <Filter>Header Files</Filter>
    </ClInclude>
    <ClInclude Include="newatlinterfaces.h">
      <Filter>Header Files</Filter>
    </ClInclude>
    <ClInclude Include="precomp.h">
      <Filter>Header Files</Filter>
    </ClInclude>
    <ClInclude Include="regtreeoptions.h">
      <Filter>Header Files</Filter>
    </ClInclude>
    <ClInclude Include="resource.h">
      <Filter>Header Files</Filter>
    </ClInclude>
    <ClInclude Include="utility.h">
      <Filter>Header Files</Filter>
    </ClInclude>
  </ItemGroup>
  <ItemGroup>
    <ResourceCompile Include="browseui.rc">
      <Filter>Resource Files</Filter>
    </ResourceCompile>
    <ResourceCompile Include="lang\bg-BG.rc">
      <Filter>lang</Filter>
    </ResourceCompile>
    <ResourceCompile Include="lang\en-US.rc">
      <Filter>lang</Filter>
    </ResourceCompile>
    <ResourceCompile Include="lang\es-ES.rc">
      <Filter>lang</Filter>
    </ResourceCompile>
    <ResourceCompile Include="lang\he-IL.rc">
      <Filter>lang</Filter>
    </ResourceCompile>
    <ResourceCompile Include="lang\it-IT.rc">
      <Filter>lang</Filter>
    </ResourceCompile>
    <ResourceCompile Include="lang\pl-PL.rc">
      <Filter>lang</Filter>
    </ResourceCompile>
    <ResourceCompile Include="lang\ro-RO.rc">
      <Filter>lang</Filter>
    </ResourceCompile>
    <ResourceCompile Include="lang\tr-TR.rc">
      <Filter>lang</Filter>
    </ResourceCompile>
    <ResourceCompile Include="lang\uk-UA.rc">
      <Filter>lang</Filter>
    </ResourceCompile>
  </ItemGroup>
  <ItemGroup>
    <None Include="res\addressband.rgs">
      <Filter>res</Filter>
    </None>
    <None Include="res\addresseditbox.rgs">
      <Filter>res</Filter>
    </None>
    <None Include="res\autocompletecontainer.rgs">
      <Filter>res</Filter>
    </None>
    <None Include="res\bandproxy.rgs">
      <Filter>res</Filter>
    </None>
    <None Include="res\bandsitemenu.rgs">
      <Filter>res</Filter>
    </None>
    <None Include="res\brandband.rgs">
      <Filter>res</Filter>
    </None>
    <None Include="res\commonbrowser.rgs">
      <Filter>res</Filter>
    </None>
    <None Include="res\globalfoldersettings.rgs">
      <Filter>res</Filter>
    </None>
    <None Include="res\internettoolbar.rgs">
      <Filter>res</Filter>
    </None>
    <None Include="res\rebarbandsite.rgs">
      <Filter>res</Filter>
    </None>
    <None Include="res\regtreeoptions.rgs">
      <Filter>res</Filter>
    </None>
  </ItemGroup>
  <ItemGroup>
    <Text Include="CMakeLists.txt" />
  </ItemGroup>
  <ItemGroup>
    <CustomBuild Include="browseui.spec" />
  </ItemGroup>
</Project>