<?xml version="1.0" encoding="utf-8"?>
<Project ToolsVersion="4.0" xmlns="http://schemas.microsoft.com/developer/msbuild/2003">
  <ItemGroup>
    <Filter Include="Source Files">
      <UniqueIdentifier>{4FC737F1-C7A5-4376-A066-2A32D752A2FF}</UniqueIdentifier>
      <Extensions>cpp;c;cc;cxx;def;odl;idl;hpj;bat;asm;asmx</Extensions>
    </Filter>
    <Filter Include="Header Files">
      <UniqueIdentifier>{93995380-89BD-4b04-88EB-625FBE52EBFB}</UniqueIdentifier>
      <Extensions>h;hpp;hxx;hm;inl;inc;xsd</Extensions>
    </Filter>
    <Filter Include="Resource Files">
      <UniqueIdentifier>{67DA6AB6-F800-4c08-8B7A-83BB121AAD01}</UniqueIdentifier>
      <Extensions>rc;ico;cur;bmp;dlg;rc2;rct;bin;rgs;gif;jpg;jpeg;jpe;resx;tiff;tif;png;wav;mfcribbon-ms</Extensions>
    </Filter>
    <Filter Include="lang">
      <UniqueIdentifier>{c32516f7-e547-4599-a03f-7a0ae0b196d5}</UniqueIdentifier>
    </Filter>
  </ItemGroup>
  <ItemGroup>
    <ResourceCompile Include="lang\wldap32_Da.rc">
      <Filter>lang</Filter>
    </ResourceCompile>
    <ResourceCompile Include="lang\wldap32_De.rc">
      <Filter>lang</Filter>
    </ResourceCompile>
    <ResourceCompile Include="lang\wldap32_En.rc">
      <Filter>lang</Filter>
    </ResourceCompile>
    <ResourceCompile Include="lang\wldap32_Es.rc">
      <Filter>lang</Filter>
    </ResourceCompile>
    <ResourceCompile Include="lang\wldap32_Fr.rc">
      <Filter>lang</Filter>
    </ResourceCompile>
    <ResourceCompile Include="lang\wldap32_He.rc">
      <Filter>lang</Filter>
    </ResourceCompile>
    <ResourceCompile Include="lang\wldap32_Hu.rc">
      <Filter>lang</Filter>
    </ResourceCompile>
    <ResourceCompile Include="lang\wldap32_It.rc">
      <Filter>lang</Filter>
    </ResourceCompile>
    <ResourceCompile Include="lang\wldap32_Ko.rc">
      <Filter>lang</Filter>
    </ResourceCompile>
    <ResourceCompile Include="lang\wldap32_Lt.rc">
      <Filter>lang</Filter>
    </ResourceCompile>
    <ResourceCompile Include="lang\wldap32_Nl.rc">
      <Filter>lang</Filter>
    </ResourceCompile>
    <ResourceCompile Include="lang\wldap32_No.rc">
      <Filter>lang</Filter>
    </ResourceCompile>
    <ResourceCompile Include="lang\wldap32_Pl.rc">
      <Filter>lang</Filter>
    </ResourceCompile>
    <ResourceCompile Include="lang\wldap32_Pt.rc">
      <Filter>lang</Filter>
    </ResourceCompile>
    <ResourceCompile Include="lang\wldap32_Ro.rc">
      <Filter>lang</Filter>
    </ResourceCompile>
    <ResourceCompile Include="lang\wldap32_Ru.rc">
      <Filter>lang</Filter>
    </ResourceCompile>
    <ResourceCompile Include="lang\wldap32_Sv.rc">
      <Filter>lang</Filter>
    </ResourceCompile>
    <ResourceCompile Include="lang\wldap32_Tr.rc">
      <Filter>lang</Filter>
    </ResourceCompile>
    <ResourceCompile Include="lang\wldap32_Uk.rc">
      <Filter>lang</Filter>
    </ResourceCompile>
    <ResourceCompile Include="wldap32.rc">
      <Filter>Resource Files</Filter>
    </ResourceCompile>
  </ItemGroup>
  <ItemGroup>
    <ClCompile Include="add.c">
      <Filter>Source Files</Filter>
    </ClCompile>
    <ClCompile Include="ber.c">
      <Filter>Source Files</Filter>
    </ClCompile>
    <ClCompile Include="bind.c">
      <Filter>Source Files</Filter>
    </ClCompile>
    <ClCompile Include="compare.c">
      <Filter>Source Files</Filter>
    </ClCompile>
    <ClCompile Include="control.c">
      <Filter>Source Files</Filter>
    </ClCompile>
    <ClCompile Include="delete.c">
      <Filter>Source Files</Filter>
    </ClCompile>
    <ClCompile Include="dn.c">
      <Filter>Source Files</Filter>
    </ClCompile>
    <ClCompile Include="error.c">
      <Filter>Source Files</Filter>
    </ClCompile>
    <ClCompile Include="extended.c">
      <Filter>Source Files</Filter>
    </ClCompile>
    <ClCompile Include="init.c">
      <Filter>Source Files</Filter>
    </ClCompile>
    <ClCompile Include="main.c">
      <Filter>Source Files</Filter>
    </ClCompile>
    <ClCompile Include="misc.c">
      <Filter>Source Files</Filter>
    </ClCompile>
    <ClCompile Include="modify.c">
      <Filter>Source Files</Filter>
    </ClCompile>
    <ClCompile Include="modrdn.c">
      <Filter>Source Files</Filter>
    </ClCompile>
    <ClCompile Include="option.c">
      <Filter>Source Files</Filter>
    </ClCompile>
    <ClCompile Include="page.c">
      <Filter>Source Files</Filter>
    </ClCompile>
    <ClCompile Include="parse.c">
      <Filter>Source Files</Filter>
    </ClCompile>
    <ClCompile Include="rename.c">
      <Filter>Source Files</Filter>
    </ClCompile>
    <ClCompile Include="search.c">
      <Filter>Source Files</Filter>
    </ClCompile>
    <ClCompile Include="value.c">
      <Filter>Source Files</Filter>
    </ClCompile>
  </ItemGroup>
  <ItemGroup>
    <Text Include="CMakeLists.txt" />
  </ItemGroup>
  <ItemGroup>
    <ClInclude Include="winldap_private.h">
      <Filter>Header Files</Filter>
    </ClInclude>
    <ClInclude Include="wldap32.h">
      <Filter>Header Files</Filter>
    </ClInclude>
  </ItemGroup>
  <ItemGroup>
    <None Include="wldap32.spec" />
  </ItemGroup>
</Project>