<?xml version="1.0" encoding="utf-8"?>
<Project ToolsVersion="4.0" xmlns="http://schemas.microsoft.com/developer/msbuild/2003">
  <ItemGroup>
    <Filter Include="Source Files">
      <UniqueIdentifier>{4FC737F1-C7A5-4376-A066-2A32D752A2FF}</UniqueIdentifier>
      <Extensions>cpp;c;cc;cxx;def;odl;idl;hpj;bat;asm;asmx</Extensions>
    </Filter>
    <Filter Include="Header Files">
      <UniqueIdentifier>{93995380-89BD-4b04-88EB-625FBE52EBFB}</UniqueIdentifier>
      <Extensions>h;hpp;hxx;hm;inl;inc;xsd</Extensions>
    </Filter>
    <Filter Include="Resource Files">
      <UniqueIdentifier>{67DA6AB6-F800-4c08-8B7A-83BB121AAD01}</UniqueIdentifier>
      <Extensions>rc;ico;cur;bmp;dlg;rc2;rct;bin;rgs;gif;jpg;jpeg;jpe;resx;tiff;tif;png;wav;mfcribbon-ms</Extensions>
    </Filter>
    <Filter Include="lang">
      <UniqueIdentifier>{0559d0ad-14c3-44b1-98cc-d0c063e7d137}</UniqueIdentifier>
    </Filter>
  </ItemGroup>
  <ItemGroup>
    <ClCompile Include="acmstream.c">
      <Filter>Source Files</Filter>
    </ClCompile>
    <ClCompile Include="api.c">
      <Filter>Source Files</Filter>
    </ClCompile>
    <ClCompile Include="avifile.c">
      <Filter>Source Files</Filter>
    </ClCompile>
    <ClCompile Include="editstream.c">
      <Filter>Source Files</Filter>
    </ClCompile>
    <ClCompile Include="extrachunk.c">
      <Filter>Source Files</Filter>
    </ClCompile>
    <ClCompile Include="factory.c">
      <Filter>Source Files</Filter>
    </ClCompile>
    <ClCompile Include="getframe.c">
      <Filter>Source Files</Filter>
    </ClCompile>
    <ClCompile Include="icmstream.c">
      <Filter>Source Files</Filter>
    </ClCompile>
    <ClCompile Include="tmpfile.c">
      <Filter>Source Files</Filter>
    </ClCompile>
    <ClCompile Include="wavfile.c">
      <Filter>Source Files</Filter>
    </ClCompile>
  </ItemGroup>
  <ItemGroup>
    <Midl Include="avifil32.idl">
      <Filter>Source Files</Filter>
    </Midl>
  </ItemGroup>
  <ItemGroup>
    <None Include="avifil32.spec" />
    <None Include="avifil32_idl.rgs">
      <Filter>Resource Files</Filter>
    </None>
    <None Include="avifile.rgs">
      <Filter>Resource Files</Filter>
    </None>
  </ItemGroup>
  <ItemGroup>
    <ClInclude Include="avifile_private.h">
      <Filter>Header Files</Filter>
    </ClInclude>
    <ClInclude Include="extrachunk.h">
      <Filter>Header Files</Filter>
    </ClInclude>
  </ItemGroup>
  <ItemGroup>
    <Text Include="CMakeLists.txt" />
  </ItemGroup>
  <ItemGroup>
    <ResourceCompile Include="rsrc.rc">
      <Filter>Resource Files</Filter>
    </ResourceCompile>
    <ResourceCompile Include="lang\avifile_Bg.rc">
      <Filter>lang</Filter>
    </ResourceCompile>
    <ResourceCompile Include="lang\avifile_Cs.rc">
      <Filter>lang</Filter>
    </ResourceCompile>
    <ResourceCompile Include="lang\avifile_Da.rc">
      <Filter>lang</Filter>
    </ResourceCompile>
    <ResourceCompile Include="lang\avifile_De.rc">
      <Filter>lang</Filter>
    </ResourceCompile>
    <ResourceCompile Include="lang\avifile_En.rc">
      <Filter>lang</Filter>
    </ResourceCompile>
    <ResourceCompile Include="lang\avifile_Es.rc">
      <Filter>lang</Filter>
    </ResourceCompile>
    <ResourceCompile Include="lang\avifile_Fr.rc">
      <Filter>lang</Filter>
    </ResourceCompile>
    <ResourceCompile Include="lang\avifile_He.rc">
      <Filter>lang</Filter>
    </ResourceCompile>
    <ResourceCompile Include="lang\avifile_Hu.rc">
      <Filter>lang</Filter>
    </ResourceCompile>
    <ResourceCompile Include="lang\avifile_It.rc">
      <Filter>lang</Filter>
    </ResourceCompile>
    <ResourceCompile Include="lang\avifile_Ja.rc">
      <Filter>lang</Filter>
    </ResourceCompile>
    <ResourceCompile Include="lang\avifile_Ko.rc">
      <Filter>lang</Filter>
    </ResourceCompile>
    <ResourceCompile Include="lang\avifile_Lt.rc">
      <Filter>lang</Filter>
    </ResourceCompile>
    <ResourceCompile Include="lang\avifile_Nl.rc">
      <Filter>lang</Filter>
    </ResourceCompile>
    <ResourceCompile Include="lang\avifile_No.rc">
      <Filter>lang</Filter>
    </ResourceCompile>
    <ResourceCompile Include="lang\avifile_Pl.rc">
      <Filter>lang</Filter>
    </ResourceCompile>
    <ResourceCompile Include="lang\avifile_Pt.rc">
      <Filter>lang</Filter>
    </ResourceCompile>
    <ResourceCompile Include="lang\avifile_Ro.rc">
      <Filter>lang</Filter>
    </ResourceCompile>
    <ResourceCompile Include="lang\avifile_Ru.rc">
      <Filter>lang</Filter>
    </ResourceCompile>
    <ResourceCompile Include="lang\avifile_Si.rc">
      <Filter>lang</Filter>
    </ResourceCompile>
    <ResourceCompile Include="lang\avifile_Sv.rc">
      <Filter>lang</Filter>
    </ResourceCompile>
    <ResourceCompile Include="lang\avifile_Tr.rc">
      <Filter>lang</Filter>
    </ResourceCompile>
    <ResourceCompile Include="lang\avifile_Uk.rc">
      <Filter>lang</Filter>
    </ResourceCompile>
    <ResourceCompile Include="lang\avifile_Zh.rc">
      <Filter>lang</Filter>
    </ResourceCompile>
  </ItemGroup>
</Project>