<?xml version="1.0" encoding="utf-8"?>
<Project ToolsVersion="4.0" xmlns="http://schemas.microsoft.com/developer/msbuild/2003">
  <ItemGroup>
    <Filter Include="Source Files">
      <UniqueIdentifier>{4FC737F1-C7A5-4376-A066-2A32D752A2FF}</UniqueIdentifier>
      <Extensions>cpp;c;cc;cxx;def;odl;idl;hpj;bat;asm;asmx</Extensions>
    </Filter>
    <Filter Include="Header Files">
      <UniqueIdentifier>{93995380-89BD-4b04-88EB-625FBE52EBFB}</UniqueIdentifier>
      <Extensions>h;hpp;hxx;hm;inl;inc;xsd</Extensions>
    </Filter>
    <Filter Include="Resource Files">
      <UniqueIdentifier>{67DA6AB6-F800-4c08-8B7A-83BB121AAD01}</UniqueIdentifier>
      <Extensions>rc;ico;cur;bmp;dlg;rc2;rct;bin;rgs;gif;jpg;jpeg;jpe;resx;tiff;tif;png;wav;mfcribbon-ms</Extensions>
    </Filter>
    <Filter Include="res">
      <UniqueIdentifier>{82cd08d5-1356-494f-8af6-5bacbc70d343}</UniqueIdentifier>
    </Filter>
    <Filter Include="res\icons">
      <UniqueIdentifier>{aab084f5-7c67-4696-8ccb-fc386e0ed0cb}</UniqueIdentifier>
    </Filter>
    <Filter Include="res\bitmaps">
      <UniqueIdentifier>{80577655-f2a5-4952-b570-9f363d1056f0}</UniqueIdentifier>
    </Filter>
  </ItemGroup>
  <ItemGroup>
    <Text Include="CMakeLists.txt" />
  </ItemGroup>
  <ItemGroup>
    <None Include="comdlg32_ros.diff" />
  </ItemGroup>
  <ItemGroup>
    <ResourceCompile Include="rsrc.rc">
      <Filter>Resource Files</Filter>
    </ResourceCompile>
    <ResourceCompile Include="cdlg_Bg.rc">
      <Filter>Resource Files</Filter>
    </ResourceCompile>
    <ResourceCompile Include="cdlg_Ca.rc">
      <Filter>Resource Files</Filter>
    </ResourceCompile>
    <ResourceCompile Include="cdlg_Cs.rc">
      <Filter>Resource Files</Filter>
    </ResourceCompile>
    <ResourceCompile Include="cdlg_Da.rc">
      <Filter>Resource Files</Filter>
    </ResourceCompile>
    <ResourceCompile Include="cdlg_De.rc">
      <Filter>Resource Files</Filter>
    </ResourceCompile>
    <ResourceCompile Include="cdlg_El.rc">
      <Filter>Resource Files</Filter>
    </ResourceCompile>
    <ResourceCompile Include="cdlg_En.rc">
      <Filter>Resource Files</Filter>
    </ResourceCompile>
    <ResourceCompile Include="cdlg_Eo.rc">
      <Filter>Resource Files</Filter>
    </ResourceCompile>
    <ResourceCompile Include="cdlg_Es.rc">
      <Filter>Resource Files</Filter>
    </ResourceCompile>
    <ResourceCompile Include="cdlg_Fi.rc">
      <Filter>Resource Files</Filter>
    </ResourceCompile>
    <ResourceCompile Include="cdlg_Fr.rc">
      <Filter>Resource Files</Filter>
    </ResourceCompile>
    <ResourceCompile Include="cdlg_He.rc">
      <Filter>Resource Files</Filter>
    </ResourceCompile>
    <ResourceCompile Include="cdlg_Hu.rc">
      <Filter>Resource Files</Filter>
    </ResourceCompile>
    <ResourceCompile Include="cdlg_It.rc">
      <Filter>Resource Files</Filter>
    </ResourceCompile>
    <ResourceCompile Include="cdlg_Ja.rc">
      <Filter>Resource Files</Filter>
    </ResourceCompile>
    <ResourceCompile Include="cdlg_Ko.rc">
      <Filter>Resource Files</Filter>
    </ResourceCompile>
    <ResourceCompile Include="cdlg_Lt.rc">
      <Filter>Resource Files</Filter>
    </ResourceCompile>
    <ResourceCompile Include="cdlg_Nl.rc">
      <Filter>Resource Files</Filter>
    </ResourceCompile>
    <ResourceCompile Include="cdlg_No.rc">
      <Filter>Resource Files</Filter>
    </ResourceCompile>
    <ResourceCompile Include="cdlg_Pl.rc">
      <Filter>Resource Files</Filter>
    </ResourceCompile>
    <ResourceCompile Include="cdlg_Pt.rc">
      <Filter>Resource Files</Filter>
    </ResourceCompile>
    <ResourceCompile Include="cdlg_Ro.rc">
      <Filter>Resource Files</Filter>
    </ResourceCompile>
    <ResourceCompile Include="cdlg_Ru.rc">
      <Filter>Resource Files</Filter>
    </ResourceCompile>
    <ResourceCompile Include="cdlg_Si.rc">
      <Filter>Resource Files</Filter>
    </ResourceCompile>
    <ResourceCompile Include="cdlg_Sk.rc">
      <Filter>Resource Files</Filter>
    </ResourceCompile>
    <ResourceCompile Include="cdlg_Sr.rc">
      <Filter>Resource Files</Filter>
    </ResourceCompile>
    <ResourceCompile Include="cdlg_Sv.rc">
      <Filter>Resource Files</Filter>
    </ResourceCompile>
    <ResourceCompile Include="cdlg_Th.rc">
      <Filter>Resource Files</Filter>
    </ResourceCompile>
    <ResourceCompile Include="cdlg_Tr.rc">
      <Filter>Resource Files</Filter>
    </ResourceCompile>
    <ResourceCompile Include="cdlg_Tw.rc">
      <Filter>Resource Files</Filter>
    </ResourceCompile>
    <ResourceCompile Include="cdlg_Uk.rc">
      <Filter>Resource Files</Filter>
    </ResourceCompile>
    <ResourceCompile Include="cdlg_xx.rc">
      <Filter>Resource Files</Filter>
    </ResourceCompile>
    <ResourceCompile Include="cdlg_Zh.rc">
      <Filter>Resource Files</Filter>
    </ResourceCompile>
  </ItemGroup>
  <ItemGroup>
    <ClCompile Include="cdlg32.c">
      <Filter>Source Files</Filter>
    </ClCompile>
    <ClCompile Include="colordlg.c">
      <Filter>Source Files</Filter>
    </ClCompile>
    <ClCompile Include="filedlg.c">
      <Filter>Source Files</Filter>
    </ClCompile>
    <ClCompile Include="filedlg31.c">
      <Filter>Source Files</Filter>
    </ClCompile>
    <ClCompile Include="filedlgbrowser.c">
      <Filter>Source Files</Filter>
    </ClCompile>
    <ClCompile Include="finddlg.c">
      <Filter>Source Files</Filter>
    </ClCompile>
    <ClCompile Include="fontdlg.c">
      <Filter>Source Files</Filter>
    </ClCompile>
    <ClCompile Include="itemdlg.c">
      <Filter>Source Files</Filter>
    </ClCompile>
    <ClCompile Include="printdlg.c">
      <Filter>Source Files</Filter>
    </ClCompile>
  </ItemGroup>
  <ItemGroup>
    <ClInclude Include="cdlg.h">
      <Filter>Header Files</Filter>
    </ClInclude>
    <ClInclude Include="filedlgbrowser.h">
      <Filter>Header Files</Filter>
    </ClInclude>
  </ItemGroup>
  <ItemGroup>
    <CustomBuild Include="comdlg32.spec" />
  </ItemGroup>
  <ItemGroup>
    <Image Include="res\icons\cdrom.ico">
      <Filter>res\icons</Filter>
    </Image>
    <Image Include="res\icons\floppy.ico">
      <Filter>res\icons</Filter>
    </Image>
    <Image Include="res\icons\folder.ico">
      <Filter>res\icons</Filter>
    </Image>
    <Image Include="res\icons\folder2.ico">
      <Filter>res\icons</Filter>
    </Image>
    <Image Include="res\icons\hdisk.ico">
      <Filter>res\icons</Filter>
    </Image>
    <Image Include="res\icons\network.ico">
      <Filter>res\icons</Filter>
    </Image>
    <Image Include="res\icons\pd32_collate.ico">
      <Filter>res\icons</Filter>
    </Image>
    <Image Include="res\icons\pd32_landscape.ico">
      <Filter>res\icons</Filter>
    </Image>
    <Image Include="res\icons\pd32_nocollate.ico">
      <Filter>res\icons</Filter>
    </Image>
    <Image Include="res\icons\pd32_portrait.ico">
      <Filter>res\icons</Filter>
    </Image>
    <Image Include="res\bitmaps\800.bmp">
      <Filter>res\bitmaps</Filter>
    </Image>
    <Image Include="res\bitmaps\fontpics.bmp">
      <Filter>res\bitmaps</Filter>
    </Image>
  </ItemGroup>
  <ItemGroup>
    <Midl Include="comdlg32_classes.idl">
      <Filter>Source Files</Filter>
    </Midl>
  </ItemGroup>
</Project>